
Microsoft Visual Studio Solution File, Format Version 12.00
# Visual Studio 15
VisualStudioVersion = 15.0.27703.2042
MinimumVisualStudioVersion = 10.0.40219.1
Project("{FAE04EC0-301F-11D3-BF4B-00C04F79EFBC}") = "ProjetoFinal.Web", "ProjetoFinal.Web\ProjetoFinal.Web.csproj", "{4EACF883-F2CB-4B5C-BB25-0C849B4DC7E2}"
EndProject
Project("{FAE04EC0-301F-11D3-BF4B-00C04F79EFBC}") = "ProjetoFinal.BLL", "ProjetoFinal.BLL\ProjetoFinal.BLL.csproj", "{709E115B-E3D4-4F65-9308-4AC558901A23}"
EndProject
Project("{FAE04EC0-301F-11D3-BF4B-00C04F79EFBC}") = "ProjetoFinal.Model", "ProjetoFinal.Model\ProjetoFinal.Model.csproj", "{CE432BB9-CCBC-41AB-9795-296D2EBAE836}"
EndProject
Project("{FAE04EC0-301F-11D3-BF4B-00C04F79EFBC}") = "ProjetoFinal.DAL", "ProjetoFinal.DAL\ProjetoFinal.DAL.csproj", "{DEFC8995-1FEA-4D3B-8415-98E14678CD7D}"
EndProject
Project("{FAE04EC0-301F-11D3-BF4B-00C04F79EFBC}") = "ProjetoFinal.Utilitarios", "ProjetoFinal.Utilitarios\ProjetoFinal.Utilitarios.csproj", "{AF38FF0A-0342-4044-BEA7-DC3256224DC0}"
EndProject
Global
	GlobalSection(SolutionConfigurationPlatforms) = preSolution
		Debug|Any CPU = Debug|Any CPU
		Release|Any CPU = Release|Any CPU
	EndGlobalSection
	GlobalSection(ProjectConfigurationPlatforms) = postSolution
		{4EACF883-F2CB-4B5C-BB25-0C849B4DC7E2}.Debug|Any CPU.ActiveCfg = Debug|Any CPU
		{4EACF883-F2CB-4B5C-BB25-0C849B4DC7E2}.Debug|Any CPU.Build.0 = Debug|Any CPU
		{4EACF883-F2CB-4B5C-BB25-0C849B4DC7E2}.Release|Any CPU.ActiveCfg = Release|Any CPU
		{4EACF883-F2CB-4B5C-BB25-0C849B4DC7E2}.Release|Any CPU.Build.0 = Release|Any CPU
		{709E115B-E3D4-4F65-9308-4AC558901A23}.Debug|Any CPU.ActiveCfg = Debug|Any CPU
		{709E115B-E3D4-4F65-9308-4AC558901A23}.Debug|Any CPU.Build.0 = Debug|Any CPU
		{709E115B-E3D4-4F65-9308-4AC558901A23}.Release|Any CPU.ActiveCfg = Release|Any CPU
		{709E115B-E3D4-4F65-9308-4AC558901A23}.Release|Any CPU.Build.0 = Release|Any CPU
		{CE432BB9-CCBC-41AB-9795-296D2EBAE836}.Debug|Any CPU.ActiveCfg = Debug|Any CPU
		{CE432BB9-CCBC-41AB-9795-296D2EBAE836}.Debug|Any CPU.Build.0 = Debug|Any CPU
		{CE432BB9-CCBC-41AB-9795-296D2EBAE836}.Release|Any CPU.ActiveCfg = Release|Any CPU
		{CE432BB9-CCBC-41AB-9795-296D2EBAE836}.Release|Any CPU.Build.0 = Release|Any CPU
		{DEFC8995-1FEA-4D3B-8415-98E14678CD7D}.Debug|Any CPU.ActiveCfg = Debug|Any CPU
		{DEFC8995-1FEA-4D3B-8415-98E14678CD7D}.Debug|Any CPU.Build.0 = Debug|Any CPU
		{DEFC8995-1FEA-4D3B-8415-98E14678CD7D}.Release|Any CPU.ActiveCfg = Release|Any CPU
		{DEFC8995-1FEA-4D3B-8415-98E14678CD7D}.Release|Any CPU.Build.0 = Release|Any CPU
		{AF38FF0A-0342-4044-BEA7-DC3256224DC0}.Debug|Any CPU.ActiveCfg = Debug|Any CPU
		{AF38FF0A-0342-4044-BEA7-DC3256224DC0}.Debug|Any CPU.Build.0 = Debug|Any CPU
		{AF38FF0A-0342-4044-BEA7-DC3256224DC0}.Release|Any CPU.ActiveCfg = Release|Any CPU
		{AF38FF0A-0342-4044-BEA7-DC3256224DC0}.Release|Any CPU.Build.0 = Release|Any CPU
	EndGlobalSection
	GlobalSection(SolutionProperties) = preSolution
		HideSolutionNode = FALSE
	EndGlobalSection
	GlobalSection(ExtensibilityGlobals) = postSolution
		SolutionGuid = {C422EE22-7398-4CE5-8488-41C1063C5AAC}
	EndGlobalSection
EndGlobal
